{
  "name": "global.banking.type-script",
  "version": "0.0.0",
  "lockfileVersion": 1,
  "requires": true,
  "dependencies": {
    "@types/colors": {
      "version": "1.1.3",
      "resolved": "http://opscert-artifactory.route53.lexis.com/artifactory/api/npm/npm-virtual/@types/colors/-/colors-1.1.3.tgz",
      "integrity": "sha1-VBOwp6GxbdGL4OP9V9L+7Mgcx3Y=",
      "dev": true
    },
    "@types/node": {
      "version": "6.0.101",
      "resolved": "http://opscert-artifactory.route53.lexis.com/artifactory/api/npm/npm-virtual/@types/node/-/node-6.0.101.tgz",
      "integrity": "sha1-DFkRz7Q0r0pRwKSZkx/mQjIH2SE=",
      "dev": true
    },
    "colors": {
      "version": "1.1.2",
      "resolved": "http://opscert-artifactory.route53.lexis.com/artifactory/api/npm/npm-virtual/colors/-/colors-1.1.2.tgz",
      "integrity": "sha1-FopHAXVran9RoSzgyXv6KMCE7WM=",
      "dev": true
    }
  }
}
