
Microsoft Visual Studio Solution File, Format Version 12.00
# Visual Studio 15
VisualStudioVersion = 15.0.27130.2027
MinimumVisualStudioVersion = 10.0.40219.1
Project("{2150E333-8FDC-42A3-9474-1A3956D46DE8}") = "CSharp", "CSharp", "{EEA3FEFE-F854-4B2A-B8E4-70894A3AEAD7}"
EndProject
Project("{2150E333-8FDC-42A3-9474-1A3956D46DE8}") = "TypeScript", "TypeScript", "{B06F3B6F-912B-405E-841A-9DD2CD5CD30A}"
EndProject
Project("{9092AA53-FB77-4645-B42D-1CCCA6BD08BD}") = "Global.Banking.TypeScript", "Global.Banking.TypeScript\Global.Banking.TypeScript.njsproj", "{E3F42CF6-80FD-462C-B729-E513518ECB9F}"
EndProject
Global
	GlobalSection(SolutionConfigurationPlatforms) = preSolution
		Debug|Any CPU = Debug|Any CPU
		Release|Any CPU = Release|Any CPU
	EndGlobalSection
	GlobalSection(ProjectConfigurationPlatforms) = postSolution
		{E3F42CF6-80FD-462C-B729-E513518ECB9F}.Debug|Any CPU.ActiveCfg = Debug|Any CPU
		{E3F42CF6-80FD-462C-B729-E513518ECB9F}.Debug|Any CPU.Build.0 = Debug|Any CPU
		{E3F42CF6-80FD-462C-B729-E513518ECB9F}.Release|Any CPU.ActiveCfg = Release|Any CPU
		{E3F42CF6-80FD-462C-B729-E513518ECB9F}.Release|Any CPU.Build.0 = Release|Any CPU
	EndGlobalSection
	GlobalSection(SolutionProperties) = preSolution
		HideSolutionNode = FALSE
	EndGlobalSection
	GlobalSection(NestedProjects) = preSolution
		{E3F42CF6-80FD-462C-B729-E513518ECB9F} = {B06F3B6F-912B-405E-841A-9DD2CD5CD30A}
	EndGlobalSection
	GlobalSection(ExtensibilityGlobals) = postSolution
		SolutionGuid = {232DF71D-DDA7-4FF6-828A-83FCA0A39805}
	EndGlobalSection
EndGlobal
